
Microsoft Visual Studio Solution File, Format Version 12.00
# Visual Studio Version 17
VisualStudioVersion = 17.0.32014.148
MinimumVisualStudioVersion = 10.0.40219.1
Project("{FAE04EC0-301F-11D3-BF4B-00C04F79EFBC}") = "GrpcServer", "GrpcServer\GrpcServer.csproj", "{EA148D54-E1EB-4090-84EB-7618B0E3B999}"
EndProject
Project("{2150E333-8FDC-42A3-9474-1A3956D46DE8}") = "Server", "Server", "{16A8F767-9644-4B62-B56E-9A02985E18E9}"
EndProject
Project("{2150E333-8FDC-42A3-9474-1A3956D46DE8}") = "Client", "Client", "{B495323C-64AB-47E1-8081-D6C7D4B51CC4}"
EndProject
Global
	GlobalSection(SolutionConfigurationPlatforms) = preSolution
		Debug|Any CPU = Debug|Any CPU
		Release|Any CPU = Release|Any CPU
	EndGlobalSection
	GlobalSection(ProjectConfigurationPlatforms) = postSolution
		{EA148D54-E1EB-4090-84EB-7618B0E3B999}.Debug|Any CPU.ActiveCfg = Debug|Any CPU
		{EA148D54-E1EB-4090-84EB-7618B0E3B999}.Debug|Any CPU.Build.0 = Debug|Any CPU
		{EA148D54-E1EB-4090-84EB-7618B0E3B999}.Release|Any CPU.ActiveCfg = Release|Any CPU
		{EA148D54-E1EB-4090-84EB-7618B0E3B999}.Release|Any CPU.Build.0 = Release|Any CPU
	EndGlobalSection
	GlobalSection(SolutionProperties) = preSolution
		HideSolutionNode = FALSE
	EndGlobalSection
	GlobalSection(NestedProjects) = preSolution
		{EA148D54-E1EB-4090-84EB-7618B0E3B999} = {16A8F767-9644-4B62-B56E-9A02985E18E9}
	EndGlobalSection
	GlobalSection(ExtensibilityGlobals) = postSolution
		SolutionGuid = {5A45B850-8D78-419F-A323-B3D86B0D0DDF}
	EndGlobalSection
EndGlobal
